Microsoft Visual Studio Solution File, Format Version 8.00
Project("{8BC9CEB8-8B4A-11D0-8D11-00A0C91BC942}") = "showinterfaces", "showinterfaces.vcproj", "{1353921F-8564-43D8-A29C-661B6BD5D709}"
	ProjectSection(ProjectDependencies) = postProject
	EndProjectSection
EndProject
Global
	GlobalSection(SolutionConfiguration) = preSolution
		Debug = Debug
		Profile = Profile
		Profile_FastCap = Profile_FastCap
		Release = Release
		Release_LTCG = Release_LTCG
	EndGlobalSection
	GlobalSection(ProjectConfiguration) = postSolution
		{1353921F-8564-43D8-A29C-661B6BD5D709}.Debug.ActiveCfg = Debug|Xbox
		{1353921F-8564-43D8-A29C-661B6BD5D709}.Debug.Build.0 = Debug|Xbox
		{1353921F-8564-43D8-A29C-661B6BD5D709}.Profile.ActiveCfg = Profile|Xbox
		{1353921F-8564-43D8-A29C-661B6BD5D709}.Profile.Build.0 = Profile|Xbox
		{1353921F-8564-43D8-A29C-661B6BD5D709}.Profile_FastCap.ActiveCfg = Profile_FastCap|Xbox
		{1353921F-8564-43D8-A29C-661B6BD5D709}.Profile_FastCap.Build.0 = Profile_FastCap|Xbox
		{1353921F-8564-43D8-A29C-661B6BD5D709}.Release.ActiveCfg = Release|Xbox
		{1353921F-8564-43D8-A29C-661B6BD5D709}.Release.Build.0 = Release|Xbox
		{1353921F-8564-43D8-A29C-661B6BD5D709}.Release_LTCG.ActiveCfg = Release_LTCG|Xbox
		{1353921F-8564-43D8-A29C-661B6BD5D709}.Release_LTCG.Build.0 = Release_LTCG|Xbox
	EndGlobalSection
	GlobalSection(ExtensibilityGlobals) = postSolution
	EndGlobalSection
	GlobalSection(ExtensibilityAddIns) = postSolution
	EndGlobalSection
EndGlobal
