
Microsoft Visual Studio Solution File, Format Version 11.00
# Visual Studio 2010
Project("{8BC9CEB8-8B4A-11D0-8D11-00A0C91BC942}") = "libSDLx360", "libSDLx360.vcxproj", "{AD499DA6-1348-4309-8D37-ADBFFB3AFF8E}"
EndProject
Project("{8BC9CEB8-8B4A-11D0-8D11-00A0C91BC942}") = "SDL_image", "SDL_Image\SDL_image.vcxproj", "{2BD5534E-00E2-4BEA-AC96-D9A92EA24696}"
	ProjectSection(ProjectDependencies) = postProject
		{AD499DA6-1348-4309-8D37-ADBFFB3AFF8E} = {AD499DA6-1348-4309-8D37-ADBFFB3AFF8E}
	EndProjectSection
EndProject
Project("{8BC9CEB8-8B4A-11D0-8D11-00A0C91BC942}") = "SDL_ttf360", "SDL_ttf360\SDL_ttf360.vcxproj", "{E1276D9A-E2AC-4D34-A8B5-57BEC7B6E09F}"
	ProjectSection(ProjectDependencies) = postProject
		{AD499DA6-1348-4309-8D37-ADBFFB3AFF8E} = {AD499DA6-1348-4309-8D37-ADBFFB3AFF8E}
	EndProjectSection
EndProject
Global
	GlobalSection(SolutionConfigurationPlatforms) = preSolution
		CodeAnalysis|Win32 = CodeAnalysis|Win32
		CodeAnalysis|Xbox 360 = CodeAnalysis|Xbox 360
		Debug_old|Win32 = Debug_old|Win32
		Debug_old|Xbox 360 = Debug_old|Xbox 360
		Debug|Win32 = Debug|Win32
		Debug|Xbox 360 = Debug|Xbox 360
		ltcg_release|Win32 = ltcg_release|Win32
		ltcg_release|Xbox 360 = ltcg_release|Xbox 360
		Profile_FastCap|Win32 = Profile_FastCap|Win32
		Profile_FastCap|Xbox 360 = Profile_FastCap|Xbox 360
		Profile|Win32 = Profile|Win32
		Profile|Xbox 360 = Profile|Xbox 360
		Release_LTCG|Win32 = Release_LTCG|Win32
		Release_LTCG|Xbox 360 = Release_LTCG|Xbox 360
		Release|Win32 = Release|Win32
		Release|Xbox 360 = Release|Xbox 360
	EndGlobalSection
	GlobalSection(ProjectConfigurationPlatforms) = postSolution
		{AD499DA6-1348-4309-8D37-ADBFFB3AFF8E}.CodeAnalysis|Win32.ActiveCfg = CodeAnalysis|Win32
		{AD499DA6-1348-4309-8D37-ADBFFB3AFF8E}.CodeAnalysis|Win32.Build.0 = CodeAnalysis|Win32
		{AD499DA6-1348-4309-8D37-ADBFFB3AFF8E}.CodeAnalysis|Xbox 360.ActiveCfg = CodeAnalysis|Xbox 360
		{AD499DA6-1348-4309-8D37-ADBFFB3AFF8E}.CodeAnalysis|Xbox 360.Build.0 = CodeAnalysis|Xbox 360
		{AD499DA6-1348-4309-8D37-ADBFFB3AFF8E}.Debug_old|Win32.ActiveCfg = Debug|Xbox 360
		{AD499DA6-1348-4309-8D37-ADBFFB3AFF8E}.Debug_old|Xbox 360.ActiveCfg = Debug|Xbox 360
		{AD499DA6-1348-4309-8D37-ADBFFB3AFF8E}.Debug_old|Xbox 360.Build.0 = Debug|Xbox 360
		{AD499DA6-1348-4309-8D37-ADBFFB3AFF8E}.Debug_old|Xbox 360.Deploy.0 = Debug|Xbox 360
		{AD499DA6-1348-4309-8D37-ADBFFB3AFF8E}.Debug|Win32.ActiveCfg = Debug|Win32
		{AD499DA6-1348-4309-8D37-ADBFFB3AFF8E}.Debug|Win32.Build.0 = Debug|Win32
		{AD499DA6-1348-4309-8D37-ADBFFB3AFF8E}.Debug|Xbox 360.ActiveCfg = Debug|Xbox 360
		{AD499DA6-1348-4309-8D37-ADBFFB3AFF8E}.Debug|Xbox 360.Build.0 = Debug|Xbox 360
		{AD499DA6-1348-4309-8D37-ADBFFB3AFF8E}.ltcg_release|Win32.ActiveCfg = Xbox 360 Release Test|Xbox 360
		{AD499DA6-1348-4309-8D37-ADBFFB3AFF8E}.ltcg_release|Xbox 360.ActiveCfg = Xbox 360 Release Test|Xbox 360
		{AD499DA6-1348-4309-8D37-ADBFFB3AFF8E}.ltcg_release|Xbox 360.Build.0 = Xbox 360 Release Test|Xbox 360
		{AD499DA6-1348-4309-8D37-ADBFFB3AFF8E}.ltcg_release|Xbox 360.Deploy.0 = Xbox 360 Release Test|Xbox 360
		{AD499DA6-1348-4309-8D37-ADBFFB3AFF8E}.Profile_FastCap|Win32.ActiveCfg = Profile_FastCap|Win32
		{AD499DA6-1348-4309-8D37-ADBFFB3AFF8E}.Profile_FastCap|Win32.Build.0 = Profile_FastCap|Win32
		{AD499DA6-1348-4309-8D37-ADBFFB3AFF8E}.Profile_FastCap|Xbox 360.ActiveCfg = Profile_FastCap|Xbox 360
		{AD499DA6-1348-4309-8D37-ADBFFB3AFF8E}.Profile_FastCap|Xbox 360.Build.0 = Profile_FastCap|Xbox 360
		{AD499DA6-1348-4309-8D37-ADBFFB3AFF8E}.Profile|Win32.ActiveCfg = Profile|Win32
		{AD499DA6-1348-4309-8D37-ADBFFB3AFF8E}.Profile|Win32.Build.0 = Profile|Win32
		{AD499DA6-1348-4309-8D37-ADBFFB3AFF8E}.Profile|Xbox 360.ActiveCfg = Profile|Xbox 360
		{AD499DA6-1348-4309-8D37-ADBFFB3AFF8E}.Profile|Xbox 360.Build.0 = Profile|Xbox 360
		{AD499DA6-1348-4309-8D37-ADBFFB3AFF8E}.Release_LTCG|Win32.ActiveCfg = Release_LTCG|Win32
		{AD499DA6-1348-4309-8D37-ADBFFB3AFF8E}.Release_LTCG|Win32.Build.0 = Release_LTCG|Win32
		{AD499DA6-1348-4309-8D37-ADBFFB3AFF8E}.Release_LTCG|Xbox 360.ActiveCfg = Release_LTCG|Xbox 360
		{AD499DA6-1348-4309-8D37-ADBFFB3AFF8E}.Release_LTCG|Xbox 360.Build.0 = Release_LTCG|Xbox 360
		{AD499DA6-1348-4309-8D37-ADBFFB3AFF8E}.Release|Win32.ActiveCfg = Release|Win32
		{AD499DA6-1348-4309-8D37-ADBFFB3AFF8E}.Release|Win32.Build.0 = Release|Win32
		{AD499DA6-1348-4309-8D37-ADBFFB3AFF8E}.Release|Xbox 360.ActiveCfg = Release|Xbox 360
		{AD499DA6-1348-4309-8D37-ADBFFB3AFF8E}.Release|Xbox 360.Build.0 = Release|Xbox 360
		{2BD5534E-00E2-4BEA-AC96-D9A92EA24696}.CodeAnalysis|Win32.ActiveCfg = Release|Xbox 360
		{2BD5534E-00E2-4BEA-AC96-D9A92EA24696}.CodeAnalysis|Xbox 360.ActiveCfg = Release|Xbox 360
		{2BD5534E-00E2-4BEA-AC96-D9A92EA24696}.CodeAnalysis|Xbox 360.Build.0 = Release|Xbox 360
		{2BD5534E-00E2-4BEA-AC96-D9A92EA24696}.CodeAnalysis|Xbox 360.Deploy.0 = Release|Xbox 360
		{2BD5534E-00E2-4BEA-AC96-D9A92EA24696}.Debug_old|Win32.ActiveCfg = Debug_old|Win32
		{2BD5534E-00E2-4BEA-AC96-D9A92EA24696}.Debug_old|Win32.Build.0 = Debug_old|Win32
		{2BD5534E-00E2-4BEA-AC96-D9A92EA24696}.Debug_old|Xbox 360.ActiveCfg = Debug_old|Xbox 360
		{2BD5534E-00E2-4BEA-AC96-D9A92EA24696}.Debug_old|Xbox 360.Build.0 = Debug_old|Xbox 360
		{2BD5534E-00E2-4BEA-AC96-D9A92EA24696}.Debug_old|Xbox 360.Deploy.0 = Debug_old|Xbox 360
		{2BD5534E-00E2-4BEA-AC96-D9A92EA24696}.Debug|Win32.ActiveCfg = Debug|Win32
		{2BD5534E-00E2-4BEA-AC96-D9A92EA24696}.Debug|Win32.Build.0 = Debug|Win32
		{2BD5534E-00E2-4BEA-AC96-D9A92EA24696}.Debug|Xbox 360.ActiveCfg = Debug|Xbox 360
		{2BD5534E-00E2-4BEA-AC96-D9A92EA24696}.Debug|Xbox 360.Build.0 = Debug|Xbox 360
		{2BD5534E-00E2-4BEA-AC96-D9A92EA24696}.Debug|Xbox 360.Deploy.0 = Debug|Xbox 360
		{2BD5534E-00E2-4BEA-AC96-D9A92EA24696}.ltcg_release|Win32.ActiveCfg = ltcg_release|Win32
		{2BD5534E-00E2-4BEA-AC96-D9A92EA24696}.ltcg_release|Win32.Build.0 = ltcg_release|Win32
		{2BD5534E-00E2-4BEA-AC96-D9A92EA24696}.ltcg_release|Xbox 360.ActiveCfg = ltcg_release|Xbox 360
		{2BD5534E-00E2-4BEA-AC96-D9A92EA24696}.ltcg_release|Xbox 360.Build.0 = ltcg_release|Xbox 360
		{2BD5534E-00E2-4BEA-AC96-D9A92EA24696}.ltcg_release|Xbox 360.Deploy.0 = ltcg_release|Xbox 360
		{2BD5534E-00E2-4BEA-AC96-D9A92EA24696}.Profile_FastCap|Win32.ActiveCfg = Release|Xbox 360
		{2BD5534E-00E2-4BEA-AC96-D9A92EA24696}.Profile_FastCap|Xbox 360.ActiveCfg = Release|Xbox 360
		{2BD5534E-00E2-4BEA-AC96-D9A92EA24696}.Profile_FastCap|Xbox 360.Build.0 = Release|Xbox 360
		{2BD5534E-00E2-4BEA-AC96-D9A92EA24696}.Profile_FastCap|Xbox 360.Deploy.0 = Release|Xbox 360
		{2BD5534E-00E2-4BEA-AC96-D9A92EA24696}.Profile|Win32.ActiveCfg = Release|Xbox 360
		{2BD5534E-00E2-4BEA-AC96-D9A92EA24696}.Profile|Xbox 360.ActiveCfg = Release|Xbox 360
		{2BD5534E-00E2-4BEA-AC96-D9A92EA24696}.Profile|Xbox 360.Build.0 = Release|Xbox 360
		{2BD5534E-00E2-4BEA-AC96-D9A92EA24696}.Profile|Xbox 360.Deploy.0 = Release|Xbox 360
		{2BD5534E-00E2-4BEA-AC96-D9A92EA24696}.Release_LTCG|Win32.ActiveCfg = Release_LTCG|Win32
		{2BD5534E-00E2-4BEA-AC96-D9A92EA24696}.Release_LTCG|Win32.Build.0 = Release_LTCG|Win32
		{2BD5534E-00E2-4BEA-AC96-D9A92EA24696}.Release_LTCG|Xbox 360.ActiveCfg = Release_LTCG|Xbox 360
		{2BD5534E-00E2-4BEA-AC96-D9A92EA24696}.Release_LTCG|Xbox 360.Build.0 = Release_LTCG|Xbox 360
		{2BD5534E-00E2-4BEA-AC96-D9A92EA24696}.Release_LTCG|Xbox 360.Deploy.0 = Release_LTCG|Xbox 360
		{2BD5534E-00E2-4BEA-AC96-D9A92EA24696}.Release|Win32.ActiveCfg = Release|Win32
		{2BD5534E-00E2-4BEA-AC96-D9A92EA24696}.Release|Win32.Build.0 = Release|Win32
		{2BD5534E-00E2-4BEA-AC96-D9A92EA24696}.Release|Xbox 360.ActiveCfg = Release|Xbox 360
		{2BD5534E-00E2-4BEA-AC96-D9A92EA24696}.Release|Xbox 360.Build.0 = Release|Xbox 360
		{2BD5534E-00E2-4BEA-AC96-D9A92EA24696}.Release|Xbox 360.Deploy.0 = Release|Xbox 360
		{E1276D9A-E2AC-4D34-A8B5-57BEC7B6E09F}.CodeAnalysis|Win32.ActiveCfg = CodeAnalysis|Win32
		{E1276D9A-E2AC-4D34-A8B5-57BEC7B6E09F}.CodeAnalysis|Win32.Build.0 = CodeAnalysis|Win32
		{E1276D9A-E2AC-4D34-A8B5-57BEC7B6E09F}.CodeAnalysis|Xbox 360.ActiveCfg = CodeAnalysis|Xbox 360
		{E1276D9A-E2AC-4D34-A8B5-57BEC7B6E09F}.CodeAnalysis|Xbox 360.Build.0 = CodeAnalysis|Xbox 360
		{E1276D9A-E2AC-4D34-A8B5-57BEC7B6E09F}.CodeAnalysis|Xbox 360.Deploy.0 = CodeAnalysis|Xbox 360
		{E1276D9A-E2AC-4D34-A8B5-57BEC7B6E09F}.Debug_old|Win32.ActiveCfg = Debug|Xbox 360
		{E1276D9A-E2AC-4D34-A8B5-57BEC7B6E09F}.Debug_old|Xbox 360.ActiveCfg = Debug|Xbox 360
		{E1276D9A-E2AC-4D34-A8B5-57BEC7B6E09F}.Debug_old|Xbox 360.Build.0 = Debug|Xbox 360
		{E1276D9A-E2AC-4D34-A8B5-57BEC7B6E09F}.Debug_old|Xbox 360.Deploy.0 = Debug|Xbox 360
		{E1276D9A-E2AC-4D34-A8B5-57BEC7B6E09F}.Debug|Win32.ActiveCfg = Debug|Win32
		{E1276D9A-E2AC-4D34-A8B5-57BEC7B6E09F}.Debug|Win32.Build.0 = Debug|Win32
		{E1276D9A-E2AC-4D34-A8B5-57BEC7B6E09F}.Debug|Xbox 360.ActiveCfg = Debug|Xbox 360
		{E1276D9A-E2AC-4D34-A8B5-57BEC7B6E09F}.Debug|Xbox 360.Build.0 = Debug|Xbox 360
		{E1276D9A-E2AC-4D34-A8B5-57BEC7B6E09F}.Debug|Xbox 360.Deploy.0 = Debug|Xbox 360
		{E1276D9A-E2AC-4D34-A8B5-57BEC7B6E09F}.ltcg_release|Win32.ActiveCfg = Release|Xbox 360
		{E1276D9A-E2AC-4D34-A8B5-57BEC7B6E09F}.ltcg_release|Xbox 360.ActiveCfg = Release|Xbox 360
		{E1276D9A-E2AC-4D34-A8B5-57BEC7B6E09F}.ltcg_release|Xbox 360.Build.0 = Release|Xbox 360
		{E1276D9A-E2AC-4D34-A8B5-57BEC7B6E09F}.ltcg_release|Xbox 360.Deploy.0 = Release|Xbox 360
		{E1276D9A-E2AC-4D34-A8B5-57BEC7B6E09F}.Profile_FastCap|Win32.ActiveCfg = Profile_FastCap|Win32
		{E1276D9A-E2AC-4D34-A8B5-57BEC7B6E09F}.Profile_FastCap|Win32.Build.0 = Profile_FastCap|Win32
		{E1276D9A-E2AC-4D34-A8B5-57BEC7B6E09F}.Profile_FastCap|Xbox 360.ActiveCfg = Profile_FastCap|Xbox 360
		{E1276D9A-E2AC-4D34-A8B5-57BEC7B6E09F}.Profile_FastCap|Xbox 360.Build.0 = Profile_FastCap|Xbox 360
		{E1276D9A-E2AC-4D34-A8B5-57BEC7B6E09F}.Profile_FastCap|Xbox 360.Deploy.0 = Profile_FastCap|Xbox 360
		{E1276D9A-E2AC-4D34-A8B5-57BEC7B6E09F}.Profile|Win32.ActiveCfg = Profile|Win32
		{E1276D9A-E2AC-4D34-A8B5-57BEC7B6E09F}.Profile|Win32.Build.0 = Profile|Win32
		{E1276D9A-E2AC-4D34-A8B5-57BEC7B6E09F}.Profile|Xbox 360.ActiveCfg = Profile|Xbox 360
		{E1276D9A-E2AC-4D34-A8B5-57BEC7B6E09F}.Profile|Xbox 360.Build.0 = Profile|Xbox 360
		{E1276D9A-E2AC-4D34-A8B5-57BEC7B6E09F}.Profile|Xbox 360.Deploy.0 = Profile|Xbox 360
		{E1276D9A-E2AC-4D34-A8B5-57BEC7B6E09F}.Release_LTCG|Win32.ActiveCfg = Release_LTCG|Win32
		{E1276D9A-E2AC-4D34-A8B5-57BEC7B6E09F}.Release_LTCG|Win32.Build.0 = Release_LTCG|Win32
		{E1276D9A-E2AC-4D34-A8B5-57BEC7B6E09F}.Release_LTCG|Xbox 360.ActiveCfg = Release_LTCG|Xbox 360
		{E1276D9A-E2AC-4D34-A8B5-57BEC7B6E09F}.Release_LTCG|Xbox 360.Build.0 = Release_LTCG|Xbox 360
		{E1276D9A-E2AC-4D34-A8B5-57BEC7B6E09F}.Release_LTCG|Xbox 360.Deploy.0 = Release_LTCG|Xbox 360
		{E1276D9A-E2AC-4D34-A8B5-57BEC7B6E09F}.Release|Win32.ActiveCfg = Release|Win32
		{E1276D9A-E2AC-4D34-A8B5-57BEC7B6E09F}.Release|Win32.Build.0 = Release|Win32
		{E1276D9A-E2AC-4D34-A8B5-57BEC7B6E09F}.Release|Xbox 360.ActiveCfg = Release|Xbox 360
		{E1276D9A-E2AC-4D34-A8B5-57BEC7B6E09F}.Release|Xbox 360.Build.0 = Release|Xbox 360
		{E1276D9A-E2AC-4D34-A8B5-57BEC7B6E09F}.Release|Xbox 360.Deploy.0 = Release|Xbox 360
	EndGlobalSection
	GlobalSection(SolutionProperties) = preSolution
		HideSolutionNode = FALSE
	EndGlobalSection
EndGlobal
