
Microsoft Visual Studio Solution File, Format Version 11.00
# Visual Studio 2010
Project("{8BC9CEB8-8B4A-11D0-8D11-00A0C91BC942}") = "SDL", "SDL\libSDLx360.vcxproj", "{AD499DA6-1348-4309-8D37-ADBFFB3AFF8E}"
EndProject
Project("{8BC9CEB8-8B4A-11D0-8D11-00A0C91BC942}") = "SDL_net", "SDL_net\SDL_net.vcxproj", "{C2C2F40E-926C-4F69-B9D7-A209388EE70B}"
EndProject
Project("{8BC9CEB8-8B4A-11D0-8D11-00A0C91BC942}") = "SDL_ttf", "SDL_ttf\SDL_ttf360.vcxproj", "{E1276D9A-E2AC-4D34-A8B5-57BEC7B6E09F}"
EndProject
Project("{8BC9CEB8-8B4A-11D0-8D11-00A0C91BC942}") = "smpeg", "smpeg\smpeg.vcxproj", "{ED5B6315-5432-4B1C-89BE-73B15A8D0AB8}"
EndProject
Project("{8BC9CEB8-8B4A-11D0-8D11-00A0C91BC942}") = "freetype", "external\freetype\freetype.vcxproj", "{3414F862-933E-4A4F-9394-BA1FBE1AE45A}"
EndProject
Project("{8BC9CEB8-8B4A-11D0-8D11-00A0C91BC942}") = "SDL_mixer", "SDL_mixer\SDL_mixer.vcxproj", "{0BA4E99E-AEE7-4DBF-85F2-C947F1727077}"
EndProject
Project("{8BC9CEB8-8B4A-11D0-8D11-00A0C91BC942}") = "zlib", "external\zlib\zlib.vcxproj", "{6A9F149D-15DE-4C41-8144-ADFA4761D2C9}"
EndProject
Project("{8BC9CEB8-8B4A-11D0-8D11-00A0C91BC942}") = "mikmod", "SDL_mixer\mikmod\mikmod.vcxproj", "{106906B2-9DF3-41EA-A83E-38D0E3E6E6A6}"
EndProject
Project("{8BC9CEB8-8B4A-11D0-8D11-00A0C91BC942}") = "timidity", "SDL_mixer\timidity\timidity.vcxproj", "{1C5E0EA2-0B76-4801-A4B1-CA1DFBA3469B}"
EndProject
Project("{8BC9CEB8-8B4A-11D0-8D11-00A0C91BC942}") = "SDL_image", "SDL_Image\SDL_image.vcxproj", "{2BD5534E-00E2-4BEA-AC96-D9A92EA24696}"
EndProject
Project("{8BC9CEB8-8B4A-11D0-8D11-00A0C91BC942}") = "FakeGLX360", "external\FakeGLX360\FakeGLX360.vcxproj", "{989535A1-03B0-4B46-B44C-A28F98261147}"
EndProject
Global
	GlobalSection(SolutionConfigurationPlatforms) = preSolution
		CodeAnalysis|Win32 = CodeAnalysis|Win32
		CodeAnalysis|Xbox 360 = CodeAnalysis|Xbox 360
		Debug_old|Win32 = Debug_old|Win32
		Debug_old|Xbox 360 = Debug_old|Xbox 360
		Debug|Win32 = Debug|Win32
		Debug|Xbox 360 = Debug|Xbox 360
		ltcg_release|Win32 = ltcg_release|Win32
		ltcg_release|Xbox 360 = ltcg_release|Xbox 360
		Profile_FastCap|Win32 = Profile_FastCap|Win32
		Profile_FastCap|Xbox 360 = Profile_FastCap|Xbox 360
		Profile|Win32 = Profile|Win32
		Profile|Xbox 360 = Profile|Xbox 360
		Release_LTCG|Win32 = Release_LTCG|Win32
		Release_LTCG|Xbox 360 = Release_LTCG|Xbox 360
		Release|Win32 = Release|Win32
		Release|Xbox 360 = Release|Xbox 360
		Xbox 360 Release Test|Win32 = Xbox 360 Release Test|Win32
		Xbox 360 Release Test|Xbox 360 = Xbox 360 Release Test|Xbox 360
	EndGlobalSection
	GlobalSection(ProjectConfigurationPlatforms) = postSolution
		{AD499DA6-1348-4309-8D37-ADBFFB3AFF8E}.CodeAnalysis|Win32.ActiveCfg = CodeAnalysis|Win32
		{AD499DA6-1348-4309-8D37-ADBFFB3AFF8E}.CodeAnalysis|Win32.Build.0 = CodeAnalysis|Win32
		{AD499DA6-1348-4309-8D37-ADBFFB3AFF8E}.CodeAnalysis|Xbox 360.ActiveCfg = CodeAnalysis|Xbox 360
		{AD499DA6-1348-4309-8D37-ADBFFB3AFF8E}.CodeAnalysis|Xbox 360.Build.0 = CodeAnalysis|Xbox 360
		{AD499DA6-1348-4309-8D37-ADBFFB3AFF8E}.CodeAnalysis|Xbox 360.Deploy.0 = CodeAnalysis|Xbox 360
		{AD499DA6-1348-4309-8D37-ADBFFB3AFF8E}.Debug_old|Win32.ActiveCfg = Debug|Xbox 360
		{AD499DA6-1348-4309-8D37-ADBFFB3AFF8E}.Debug_old|Xbox 360.ActiveCfg = Debug|Xbox 360
		{AD499DA6-1348-4309-8D37-ADBFFB3AFF8E}.Debug_old|Xbox 360.Build.0 = Debug|Xbox 360
		{AD499DA6-1348-4309-8D37-ADBFFB3AFF8E}.Debug_old|Xbox 360.Deploy.0 = Debug|Xbox 360
		{AD499DA6-1348-4309-8D37-ADBFFB3AFF8E}.Debug|Win32.ActiveCfg = Debug|Win32
		{AD499DA6-1348-4309-8D37-ADBFFB3AFF8E}.Debug|Win32.Build.0 = Debug|Win32
		{AD499DA6-1348-4309-8D37-ADBFFB3AFF8E}.Debug|Xbox 360.ActiveCfg = Debug|Xbox 360
		{AD499DA6-1348-4309-8D37-ADBFFB3AFF8E}.Debug|Xbox 360.Build.0 = Debug|Xbox 360
		{AD499DA6-1348-4309-8D37-ADBFFB3AFF8E}.Debug|Xbox 360.Deploy.0 = Debug|Xbox 360
		{AD499DA6-1348-4309-8D37-ADBFFB3AFF8E}.ltcg_release|Win32.ActiveCfg = Xbox 360 Release Test|Xbox 360
		{AD499DA6-1348-4309-8D37-ADBFFB3AFF8E}.ltcg_release|Xbox 360.ActiveCfg = Xbox 360 Release Test|Xbox 360
		{AD499DA6-1348-4309-8D37-ADBFFB3AFF8E}.ltcg_release|Xbox 360.Build.0 = Xbox 360 Release Test|Xbox 360
		{AD499DA6-1348-4309-8D37-ADBFFB3AFF8E}.ltcg_release|Xbox 360.Deploy.0 = Xbox 360 Release Test|Xbox 360
		{AD499DA6-1348-4309-8D37-ADBFFB3AFF8E}.Profile_FastCap|Win32.ActiveCfg = Profile_FastCap|Win32
		{AD499DA6-1348-4309-8D37-ADBFFB3AFF8E}.Profile_FastCap|Win32.Build.0 = Profile_FastCap|Win32
		{AD499DA6-1348-4309-8D37-ADBFFB3AFF8E}.Profile_FastCap|Xbox 360.ActiveCfg = Profile_FastCap|Xbox 360
		{AD499DA6-1348-4309-8D37-ADBFFB3AFF8E}.Profile_FastCap|Xbox 360.Build.0 = Profile_FastCap|Xbox 360
		{AD499DA6-1348-4309-8D37-ADBFFB3AFF8E}.Profile_FastCap|Xbox 360.Deploy.0 = Profile_FastCap|Xbox 360
		{AD499DA6-1348-4309-8D37-ADBFFB3AFF8E}.Profile|Win32.ActiveCfg = Profile|Win32
		{AD499DA6-1348-4309-8D37-ADBFFB3AFF8E}.Profile|Win32.Build.0 = Profile|Win32
		{AD499DA6-1348-4309-8D37-ADBFFB3AFF8E}.Profile|Xbox 360.ActiveCfg = Profile|Xbox 360
		{AD499DA6-1348-4309-8D37-ADBFFB3AFF8E}.Profile|Xbox 360.Build.0 = Profile|Xbox 360
		{AD499DA6-1348-4309-8D37-ADBFFB3AFF8E}.Profile|Xbox 360.Deploy.0 = Profile|Xbox 360
		{AD499DA6-1348-4309-8D37-ADBFFB3AFF8E}.Release_LTCG|Win32.ActiveCfg = Release_LTCG|Win32
		{AD499DA6-1348-4309-8D37-ADBFFB3AFF8E}.Release_LTCG|Win32.Build.0 = Release_LTCG|Win32
		{AD499DA6-1348-4309-8D37-ADBFFB3AFF8E}.Release_LTCG|Xbox 360.ActiveCfg = Release_LTCG|Xbox 360
		{AD499DA6-1348-4309-8D37-ADBFFB3AFF8E}.Release_LTCG|Xbox 360.Build.0 = Release_LTCG|Xbox 360
		{AD499DA6-1348-4309-8D37-ADBFFB3AFF8E}.Release_LTCG|Xbox 360.Deploy.0 = Release_LTCG|Xbox 360
		{AD499DA6-1348-4309-8D37-ADBFFB3AFF8E}.Release|Win32.ActiveCfg = Release|Win32
		{AD499DA6-1348-4309-8D37-ADBFFB3AFF8E}.Release|Win32.Build.0 = Release|Win32
		{AD499DA6-1348-4309-8D37-ADBFFB3AFF8E}.Release|Xbox 360.ActiveCfg = Release|Xbox 360
		{AD499DA6-1348-4309-8D37-ADBFFB3AFF8E}.Release|Xbox 360.Build.0 = Release|Xbox 360
		{AD499DA6-1348-4309-8D37-ADBFFB3AFF8E}.Release|Xbox 360.Deploy.0 = Release|Xbox 360
		{AD499DA6-1348-4309-8D37-ADBFFB3AFF8E}.Xbox 360 Release Test|Win32.ActiveCfg = Xbox 360 Release Test|Win32
		{AD499DA6-1348-4309-8D37-ADBFFB3AFF8E}.Xbox 360 Release Test|Win32.Build.0 = Xbox 360 Release Test|Win32
		{AD499DA6-1348-4309-8D37-ADBFFB3AFF8E}.Xbox 360 Release Test|Xbox 360.ActiveCfg = Xbox 360 Release Test|Xbox 360
		{AD499DA6-1348-4309-8D37-ADBFFB3AFF8E}.Xbox 360 Release Test|Xbox 360.Build.0 = Xbox 360 Release Test|Xbox 360
		{AD499DA6-1348-4309-8D37-ADBFFB3AFF8E}.Xbox 360 Release Test|Xbox 360.Deploy.0 = Xbox 360 Release Test|Xbox 360
		{C2C2F40E-926C-4F69-B9D7-A209388EE70B}.CodeAnalysis|Win32.ActiveCfg = CodeAnalysis|Xbox 360
		{C2C2F40E-926C-4F69-B9D7-A209388EE70B}.CodeAnalysis|Xbox 360.ActiveCfg = CodeAnalysis|Xbox 360
		{C2C2F40E-926C-4F69-B9D7-A209388EE70B}.CodeAnalysis|Xbox 360.Build.0 = CodeAnalysis|Xbox 360
		{C2C2F40E-926C-4F69-B9D7-A209388EE70B}.CodeAnalysis|Xbox 360.Deploy.0 = CodeAnalysis|Xbox 360
		{C2C2F40E-926C-4F69-B9D7-A209388EE70B}.Debug_old|Win32.ActiveCfg = Debug|Xbox 360
		{C2C2F40E-926C-4F69-B9D7-A209388EE70B}.Debug_old|Xbox 360.ActiveCfg = Debug|Xbox 360
		{C2C2F40E-926C-4F69-B9D7-A209388EE70B}.Debug_old|Xbox 360.Build.0 = Debug|Xbox 360
		{C2C2F40E-926C-4F69-B9D7-A209388EE70B}.Debug_old|Xbox 360.Deploy.0 = Debug|Xbox 360
		{C2C2F40E-926C-4F69-B9D7-A209388EE70B}.Debug|Win32.ActiveCfg = Debug|Xbox 360
		{C2C2F40E-926C-4F69-B9D7-A209388EE70B}.Debug|Xbox 360.ActiveCfg = Debug|Xbox 360
		{C2C2F40E-926C-4F69-B9D7-A209388EE70B}.Debug|Xbox 360.Build.0 = Debug|Xbox 360
		{C2C2F40E-926C-4F69-B9D7-A209388EE70B}.Debug|Xbox 360.Deploy.0 = Debug|Xbox 360
		{C2C2F40E-926C-4F69-B9D7-A209388EE70B}.ltcg_release|Win32.ActiveCfg = Release_LTCG|Xbox 360
		{C2C2F40E-926C-4F69-B9D7-A209388EE70B}.ltcg_release|Xbox 360.ActiveCfg = Release_LTCG|Xbox 360
		{C2C2F40E-926C-4F69-B9D7-A209388EE70B}.ltcg_release|Xbox 360.Build.0 = Release_LTCG|Xbox 360
		{C2C2F40E-926C-4F69-B9D7-A209388EE70B}.ltcg_release|Xbox 360.Deploy.0 = Release_LTCG|Xbox 360
		{C2C2F40E-926C-4F69-B9D7-A209388EE70B}.Profile_FastCap|Win32.ActiveCfg = Profile_FastCap|Xbox 360
		{C2C2F40E-926C-4F69-B9D7-A209388EE70B}.Profile_FastCap|Xbox 360.ActiveCfg = Profile_FastCap|Xbox 360
		{C2C2F40E-926C-4F69-B9D7-A209388EE70B}.Profile_FastCap|Xbox 360.Build.0 = Profile_FastCap|Xbox 360
		{C2C2F40E-926C-4F69-B9D7-A209388EE70B}.Profile_FastCap|Xbox 360.Deploy.0 = Profile_FastCap|Xbox 360
		{C2C2F40E-926C-4F69-B9D7-A209388EE70B}.Profile|Win32.ActiveCfg = Profile|Xbox 360
		{C2C2F40E-926C-4F69-B9D7-A209388EE70B}.Profile|Xbox 360.ActiveCfg = Profile|Xbox 360
		{C2C2F40E-926C-4F69-B9D7-A209388EE70B}.Profile|Xbox 360.Build.0 = Profile|Xbox 360
		{C2C2F40E-926C-4F69-B9D7-A209388EE70B}.Profile|Xbox 360.Deploy.0 = Profile|Xbox 360
		{C2C2F40E-926C-4F69-B9D7-A209388EE70B}.Release_LTCG|Win32.ActiveCfg = Release_LTCG|Xbox 360
		{C2C2F40E-926C-4F69-B9D7-A209388EE70B}.Release_LTCG|Xbox 360.ActiveCfg = Release_LTCG|Xbox 360
		{C2C2F40E-926C-4F69-B9D7-A209388EE70B}.Release_LTCG|Xbox 360.Build.0 = Release_LTCG|Xbox 360
		{C2C2F40E-926C-4F69-B9D7-A209388EE70B}.Release_LTCG|Xbox 360.Deploy.0 = Release_LTCG|Xbox 360
		{C2C2F40E-926C-4F69-B9D7-A209388EE70B}.Release|Win32.ActiveCfg = Release|Xbox 360
		{C2C2F40E-926C-4F69-B9D7-A209388EE70B}.Release|Xbox 360.ActiveCfg = Release|Xbox 360
		{C2C2F40E-926C-4F69-B9D7-A209388EE70B}.Release|Xbox 360.Build.0 = Release|Xbox 360
		{C2C2F40E-926C-4F69-B9D7-A209388EE70B}.Release|Xbox 360.Deploy.0 = Release|Xbox 360
		{C2C2F40E-926C-4F69-B9D7-A209388EE70B}.Xbox 360 Release Test|Win32.ActiveCfg = Release|Xbox 360
		{C2C2F40E-926C-4F69-B9D7-A209388EE70B}.Xbox 360 Release Test|Xbox 360.ActiveCfg = Release|Xbox 360
		{C2C2F40E-926C-4F69-B9D7-A209388EE70B}.Xbox 360 Release Test|Xbox 360.Build.0 = Release|Xbox 360
		{C2C2F40E-926C-4F69-B9D7-A209388EE70B}.Xbox 360 Release Test|Xbox 360.Deploy.0 = Release|Xbox 360
		{E1276D9A-E2AC-4D34-A8B5-57BEC7B6E09F}.CodeAnalysis|Win32.ActiveCfg = CodeAnalysis|Win32
		{E1276D9A-E2AC-4D34-A8B5-57BEC7B6E09F}.CodeAnalysis|Win32.Build.0 = CodeAnalysis|Win32
		{E1276D9A-E2AC-4D34-A8B5-57BEC7B6E09F}.CodeAnalysis|Xbox 360.ActiveCfg = CodeAnalysis|Xbox 360
		{E1276D9A-E2AC-4D34-A8B5-57BEC7B6E09F}.CodeAnalysis|Xbox 360.Build.0 = CodeAnalysis|Xbox 360
		{E1276D9A-E2AC-4D34-A8B5-57BEC7B6E09F}.CodeAnalysis|Xbox 360.Deploy.0 = CodeAnalysis|Xbox 360
		{E1276D9A-E2AC-4D34-A8B5-57BEC7B6E09F}.Debug_old|Win32.ActiveCfg = Debug|Xbox 360
		{E1276D9A-E2AC-4D34-A8B5-57BEC7B6E09F}.Debug_old|Xbox 360.ActiveCfg = Debug|Xbox 360
		{E1276D9A-E2AC-4D34-A8B5-57BEC7B6E09F}.Debug_old|Xbox 360.Build.0 = Debug|Xbox 360
		{E1276D9A-E2AC-4D34-A8B5-57BEC7B6E09F}.Debug_old|Xbox 360.Deploy.0 = Debug|Xbox 360
		{E1276D9A-E2AC-4D34-A8B5-57BEC7B6E09F}.Debug|Win32.ActiveCfg = Debug|Win32
		{E1276D9A-E2AC-4D34-A8B5-57BEC7B6E09F}.Debug|Win32.Build.0 = Debug|Win32
		{E1276D9A-E2AC-4D34-A8B5-57BEC7B6E09F}.Debug|Xbox 360.ActiveCfg = Debug|Xbox 360
		{E1276D9A-E2AC-4D34-A8B5-57BEC7B6E09F}.Debug|Xbox 360.Build.0 = Debug|Xbox 360
		{E1276D9A-E2AC-4D34-A8B5-57BEC7B6E09F}.Debug|Xbox 360.Deploy.0 = Debug|Xbox 360
		{E1276D9A-E2AC-4D34-A8B5-57BEC7B6E09F}.ltcg_release|Win32.ActiveCfg = Release|Xbox 360
		{E1276D9A-E2AC-4D34-A8B5-57BEC7B6E09F}.ltcg_release|Xbox 360.ActiveCfg = Release|Xbox 360
		{E1276D9A-E2AC-4D34-A8B5-57BEC7B6E09F}.ltcg_release|Xbox 360.Build.0 = Release|Xbox 360
		{E1276D9A-E2AC-4D34-A8B5-57BEC7B6E09F}.ltcg_release|Xbox 360.Deploy.0 = Release|Xbox 360
		{E1276D9A-E2AC-4D34-A8B5-57BEC7B6E09F}.Profile_FastCap|Win32.ActiveCfg = Profile_FastCap|Win32
		{E1276D9A-E2AC-4D34-A8B5-57BEC7B6E09F}.Profile_FastCap|Win32.Build.0 = Profile_FastCap|Win32
		{E1276D9A-E2AC-4D34-A8B5-57BEC7B6E09F}.Profile_FastCap|Xbox 360.ActiveCfg = Profile_FastCap|Xbox 360
		{E1276D9A-E2AC-4D34-A8B5-57BEC7B6E09F}.Profile_FastCap|Xbox 360.Build.0 = Profile_FastCap|Xbox 360
		{E1276D9A-E2AC-4D34-A8B5-57BEC7B6E09F}.Profile_FastCap|Xbox 360.Deploy.0 = Profile_FastCap|Xbox 360
		{E1276D9A-E2AC-4D34-A8B5-57BEC7B6E09F}.Profile|Win32.ActiveCfg = Profile|Win32
		{E1276D9A-E2AC-4D34-A8B5-57BEC7B6E09F}.Profile|Win32.Build.0 = Profile|Win32
		{E1276D9A-E2AC-4D34-A8B5-57BEC7B6E09F}.Profile|Xbox 360.ActiveCfg = Profile|Xbox 360
		{E1276D9A-E2AC-4D34-A8B5-57BEC7B6E09F}.Profile|Xbox 360.Build.0 = Profile|Xbox 360
		{E1276D9A-E2AC-4D34-A8B5-57BEC7B6E09F}.Profile|Xbox 360.Deploy.0 = Profile|Xbox 360
		{E1276D9A-E2AC-4D34-A8B5-57BEC7B6E09F}.Release_LTCG|Win32.ActiveCfg = Release_LTCG|Win32
		{E1276D9A-E2AC-4D34-A8B5-57BEC7B6E09F}.Release_LTCG|Win32.Build.0 = Release_LTCG|Win32
		{E1276D9A-E2AC-4D34-A8B5-57BEC7B6E09F}.Release_LTCG|Xbox 360.ActiveCfg = Release_LTCG|Xbox 360
		{E1276D9A-E2AC-4D34-A8B5-57BEC7B6E09F}.Release_LTCG|Xbox 360.Build.0 = Release_LTCG|Xbox 360
		{E1276D9A-E2AC-4D34-A8B5-57BEC7B6E09F}.Release_LTCG|Xbox 360.Deploy.0 = Release_LTCG|Xbox 360
		{E1276D9A-E2AC-4D34-A8B5-57BEC7B6E09F}.Release|Win32.ActiveCfg = Release|Win32
		{E1276D9A-E2AC-4D34-A8B5-57BEC7B6E09F}.Release|Win32.Build.0 = Release|Win32
		{E1276D9A-E2AC-4D34-A8B5-57BEC7B6E09F}.Release|Xbox 360.ActiveCfg = Release|Xbox 360
		{E1276D9A-E2AC-4D34-A8B5-57BEC7B6E09F}.Release|Xbox 360.Build.0 = Release|Xbox 360
		{E1276D9A-E2AC-4D34-A8B5-57BEC7B6E09F}.Release|Xbox 360.Deploy.0 = Release|Xbox 360
		{E1276D9A-E2AC-4D34-A8B5-57BEC7B6E09F}.Xbox 360 Release Test|Win32.ActiveCfg = Release|Xbox 360
		{E1276D9A-E2AC-4D34-A8B5-57BEC7B6E09F}.Xbox 360 Release Test|Xbox 360.ActiveCfg = Release|Xbox 360
		{E1276D9A-E2AC-4D34-A8B5-57BEC7B6E09F}.Xbox 360 Release Test|Xbox 360.Build.0 = Release|Xbox 360
		{E1276D9A-E2AC-4D34-A8B5-57BEC7B6E09F}.Xbox 360 Release Test|Xbox 360.Deploy.0 = Release|Xbox 360
		{ED5B6315-5432-4B1C-89BE-73B15A8D0AB8}.CodeAnalysis|Win32.ActiveCfg = CodeAnalysis|Xbox 360
		{ED5B6315-5432-4B1C-89BE-73B15A8D0AB8}.CodeAnalysis|Xbox 360.ActiveCfg = CodeAnalysis|Xbox 360
		{ED5B6315-5432-4B1C-89BE-73B15A8D0AB8}.CodeAnalysis|Xbox 360.Build.0 = CodeAnalysis|Xbox 360
		{ED5B6315-5432-4B1C-89BE-73B15A8D0AB8}.CodeAnalysis|Xbox 360.Deploy.0 = CodeAnalysis|Xbox 360
		{ED5B6315-5432-4B1C-89BE-73B15A8D0AB8}.Debug_old|Win32.ActiveCfg = Debug|Xbox 360
		{ED5B6315-5432-4B1C-89BE-73B15A8D0AB8}.Debug_old|Xbox 360.ActiveCfg = Debug|Xbox 360
		{ED5B6315-5432-4B1C-89BE-73B15A8D0AB8}.Debug_old|Xbox 360.Build.0 = Debug|Xbox 360
		{ED5B6315-5432-4B1C-89BE-73B15A8D0AB8}.Debug_old|Xbox 360.Deploy.0 = Debug|Xbox 360
		{ED5B6315-5432-4B1C-89BE-73B15A8D0AB8}.Debug|Win32.ActiveCfg = Debug|Xbox 360
		{ED5B6315-5432-4B1C-89BE-73B15A8D0AB8}.Debug|Xbox 360.ActiveCfg = Debug|Xbox 360
		{ED5B6315-5432-4B1C-89BE-73B15A8D0AB8}.Debug|Xbox 360.Build.0 = Debug|Xbox 360
		{ED5B6315-5432-4B1C-89BE-73B15A8D0AB8}.Debug|Xbox 360.Deploy.0 = Debug|Xbox 360
		{ED5B6315-5432-4B1C-89BE-73B15A8D0AB8}.ltcg_release|Win32.ActiveCfg = Release_LTCG|Xbox 360
		{ED5B6315-5432-4B1C-89BE-73B15A8D0AB8}.ltcg_release|Xbox 360.ActiveCfg = Release_LTCG|Xbox 360
		{ED5B6315-5432-4B1C-89BE-73B15A8D0AB8}.ltcg_release|Xbox 360.Build.0 = Release_LTCG|Xbox 360
		{ED5B6315-5432-4B1C-89BE-73B15A8D0AB8}.ltcg_release|Xbox 360.Deploy.0 = Release_LTCG|Xbox 360
		{ED5B6315-5432-4B1C-89BE-73B15A8D0AB8}.Profile_FastCap|Win32.ActiveCfg = Profile_FastCap|Xbox 360
		{ED5B6315-5432-4B1C-89BE-73B15A8D0AB8}.Profile_FastCap|Xbox 360.ActiveCfg = Profile_FastCap|Xbox 360
		{ED5B6315-5432-4B1C-89BE-73B15A8D0AB8}.Profile_FastCap|Xbox 360.Build.0 = Profile_FastCap|Xbox 360
		{ED5B6315-5432-4B1C-89BE-73B15A8D0AB8}.Profile_FastCap|Xbox 360.Deploy.0 = Profile_FastCap|Xbox 360
		{ED5B6315-5432-4B1C-89BE-73B15A8D0AB8}.Profile|Win32.ActiveCfg = Profile|Xbox 360
		{ED5B6315-5432-4B1C-89BE-73B15A8D0AB8}.Profile|Xbox 360.ActiveCfg = Profile|Xbox 360
		{ED5B6315-5432-4B1C-89BE-73B15A8D0AB8}.Profile|Xbox 360.Build.0 = Profile|Xbox 360
		{ED5B6315-5432-4B1C-89BE-73B15A8D0AB8}.Profile|Xbox 360.Deploy.0 = Profile|Xbox 360
		{ED5B6315-5432-4B1C-89BE-73B15A8D0AB8}.Release_LTCG|Win32.ActiveCfg = Release_LTCG|Xbox 360
		{ED5B6315-5432-4B1C-89BE-73B15A8D0AB8}.Release_LTCG|Xbox 360.ActiveCfg = Release_LTCG|Xbox 360
		{ED5B6315-5432-4B1C-89BE-73B15A8D0AB8}.Release_LTCG|Xbox 360.Build.0 = Release_LTCG|Xbox 360
		{ED5B6315-5432-4B1C-89BE-73B15A8D0AB8}.Release_LTCG|Xbox 360.Deploy.0 = Release_LTCG|Xbox 360
		{ED5B6315-5432-4B1C-89BE-73B15A8D0AB8}.Release|Win32.ActiveCfg = Release|Xbox 360
		{ED5B6315-5432-4B1C-89BE-73B15A8D0AB8}.Release|Xbox 360.ActiveCfg = Release|Xbox 360
		{ED5B6315-5432-4B1C-89BE-73B15A8D0AB8}.Release|Xbox 360.Build.0 = Release|Xbox 360
		{ED5B6315-5432-4B1C-89BE-73B15A8D0AB8}.Release|Xbox 360.Deploy.0 = Release|Xbox 360
		{ED5B6315-5432-4B1C-89BE-73B15A8D0AB8}.Xbox 360 Release Test|Win32.ActiveCfg = Release|Xbox 360
		{ED5B6315-5432-4B1C-89BE-73B15A8D0AB8}.Xbox 360 Release Test|Xbox 360.ActiveCfg = Release|Xbox 360
		{ED5B6315-5432-4B1C-89BE-73B15A8D0AB8}.Xbox 360 Release Test|Xbox 360.Build.0 = Release|Xbox 360
		{ED5B6315-5432-4B1C-89BE-73B15A8D0AB8}.Xbox 360 Release Test|Xbox 360.Deploy.0 = Release|Xbox 360
		{3414F862-933E-4A4F-9394-BA1FBE1AE45A}.CodeAnalysis|Win32.ActiveCfg = CodeAnalysis|Xbox 360
		{3414F862-933E-4A4F-9394-BA1FBE1AE45A}.CodeAnalysis|Xbox 360.ActiveCfg = CodeAnalysis|Xbox 360
		{3414F862-933E-4A4F-9394-BA1FBE1AE45A}.CodeAnalysis|Xbox 360.Build.0 = CodeAnalysis|Xbox 360
		{3414F862-933E-4A4F-9394-BA1FBE1AE45A}.CodeAnalysis|Xbox 360.Deploy.0 = CodeAnalysis|Xbox 360
		{3414F862-933E-4A4F-9394-BA1FBE1AE45A}.Debug_old|Win32.ActiveCfg = Debug|Xbox 360
		{3414F862-933E-4A4F-9394-BA1FBE1AE45A}.Debug_old|Xbox 360.ActiveCfg = Debug|Xbox 360
		{3414F862-933E-4A4F-9394-BA1FBE1AE45A}.Debug_old|Xbox 360.Build.0 = Debug|Xbox 360
		{3414F862-933E-4A4F-9394-BA1FBE1AE45A}.Debug_old|Xbox 360.Deploy.0 = Debug|Xbox 360
		{3414F862-933E-4A4F-9394-BA1FBE1AE45A}.Debug|Win32.ActiveCfg = Debug|Xbox 360
		{3414F862-933E-4A4F-9394-BA1FBE1AE45A}.Debug|Xbox 360.ActiveCfg = Debug|Xbox 360
		{3414F862-933E-4A4F-9394-BA1FBE1AE45A}.Debug|Xbox 360.Build.0 = Debug|Xbox 360
		{3414F862-933E-4A4F-9394-BA1FBE1AE45A}.Debug|Xbox 360.Deploy.0 = Debug|Xbox 360
		{3414F862-933E-4A4F-9394-BA1FBE1AE45A}.ltcg_release|Win32.ActiveCfg = Release_LTCG|Xbox 360
		{3414F862-933E-4A4F-9394-BA1FBE1AE45A}.ltcg_release|Xbox 360.ActiveCfg = Release_LTCG|Xbox 360
		{3414F862-933E-4A4F-9394-BA1FBE1AE45A}.ltcg_release|Xbox 360.Build.0 = Release_LTCG|Xbox 360
		{3414F862-933E-4A4F-9394-BA1FBE1AE45A}.ltcg_release|Xbox 360.Deploy.0 = Release_LTCG|Xbox 360
		{3414F862-933E-4A4F-9394-BA1FBE1AE45A}.Profile_FastCap|Win32.ActiveCfg = Profile_FastCap|Xbox 360
		{3414F862-933E-4A4F-9394-BA1FBE1AE45A}.Profile_FastCap|Xbox 360.ActiveCfg = Profile_FastCap|Xbox 360
		{3414F862-933E-4A4F-9394-BA1FBE1AE45A}.Profile_FastCap|Xbox 360.Build.0 = Profile_FastCap|Xbox 360
		{3414F862-933E-4A4F-9394-BA1FBE1AE45A}.Profile_FastCap|Xbox 360.Deploy.0 = Profile_FastCap|Xbox 360
		{3414F862-933E-4A4F-9394-BA1FBE1AE45A}.Profile|Win32.ActiveCfg = Profile|Xbox 360
		{3414F862-933E-4A4F-9394-BA1FBE1AE45A}.Profile|Xbox 360.ActiveCfg = Profile|Xbox 360
		{3414F862-933E-4A4F-9394-BA1FBE1AE45A}.Profile|Xbox 360.Build.0 = Profile|Xbox 360
		{3414F862-933E-4A4F-9394-BA1FBE1AE45A}.Profile|Xbox 360.Deploy.0 = Profile|Xbox 360
		{3414F862-933E-4A4F-9394-BA1FBE1AE45A}.Release_LTCG|Win32.ActiveCfg = Release_LTCG|Xbox 360
		{3414F862-933E-4A4F-9394-BA1FBE1AE45A}.Release_LTCG|Xbox 360.ActiveCfg = Release_LTCG|Xbox 360
		{3414F862-933E-4A4F-9394-BA1FBE1AE45A}.Release_LTCG|Xbox 360.Build.0 = Release_LTCG|Xbox 360
		{3414F862-933E-4A4F-9394-BA1FBE1AE45A}.Release_LTCG|Xbox 360.Deploy.0 = Release_LTCG|Xbox 360
		{3414F862-933E-4A4F-9394-BA1FBE1AE45A}.Release|Win32.ActiveCfg = Release|Xbox 360
		{3414F862-933E-4A4F-9394-BA1FBE1AE45A}.Release|Xbox 360.ActiveCfg = Release|Xbox 360
		{3414F862-933E-4A4F-9394-BA1FBE1AE45A}.Release|Xbox 360.Build.0 = Release|Xbox 360
		{3414F862-933E-4A4F-9394-BA1FBE1AE45A}.Release|Xbox 360.Deploy.0 = Release|Xbox 360
		{3414F862-933E-4A4F-9394-BA1FBE1AE45A}.Xbox 360 Release Test|Win32.ActiveCfg = Release|Xbox 360
		{3414F862-933E-4A4F-9394-BA1FBE1AE45A}.Xbox 360 Release Test|Xbox 360.ActiveCfg = Release|Xbox 360
		{3414F862-933E-4A4F-9394-BA1FBE1AE45A}.Xbox 360 Release Test|Xbox 360.Build.0 = Release|Xbox 360
		{3414F862-933E-4A4F-9394-BA1FBE1AE45A}.Xbox 360 Release Test|Xbox 360.Deploy.0 = Release|Xbox 360
		{0BA4E99E-AEE7-4DBF-85F2-C947F1727077}.CodeAnalysis|Win32.ActiveCfg = CodeAnalysis|Xbox 360
		{0BA4E99E-AEE7-4DBF-85F2-C947F1727077}.CodeAnalysis|Xbox 360.ActiveCfg = CodeAnalysis|Xbox 360
		{0BA4E99E-AEE7-4DBF-85F2-C947F1727077}.CodeAnalysis|Xbox 360.Build.0 = CodeAnalysis|Xbox 360
		{0BA4E99E-AEE7-4DBF-85F2-C947F1727077}.CodeAnalysis|Xbox 360.Deploy.0 = CodeAnalysis|Xbox 360
		{0BA4E99E-AEE7-4DBF-85F2-C947F1727077}.Debug_old|Win32.ActiveCfg = Debug|Xbox 360
		{0BA4E99E-AEE7-4DBF-85F2-C947F1727077}.Debug_old|Xbox 360.ActiveCfg = Debug|Xbox 360
		{0BA4E99E-AEE7-4DBF-85F2-C947F1727077}.Debug_old|Xbox 360.Build.0 = Debug|Xbox 360
		{0BA4E99E-AEE7-4DBF-85F2-C947F1727077}.Debug_old|Xbox 360.Deploy.0 = Debug|Xbox 360
		{0BA4E99E-AEE7-4DBF-85F2-C947F1727077}.Debug|Win32.ActiveCfg = Debug|Xbox 360
		{0BA4E99E-AEE7-4DBF-85F2-C947F1727077}.Debug|Xbox 360.ActiveCfg = Debug|Xbox 360
		{0BA4E99E-AEE7-4DBF-85F2-C947F1727077}.Debug|Xbox 360.Build.0 = Debug|Xbox 360
		{0BA4E99E-AEE7-4DBF-85F2-C947F1727077}.Debug|Xbox 360.Deploy.0 = Debug|Xbox 360
		{0BA4E99E-AEE7-4DBF-85F2-C947F1727077}.ltcg_release|Win32.ActiveCfg = Release_LTCG|Xbox 360
		{0BA4E99E-AEE7-4DBF-85F2-C947F1727077}.ltcg_release|Xbox 360.ActiveCfg = Release_LTCG|Xbox 360
		{0BA4E99E-AEE7-4DBF-85F2-C947F1727077}.ltcg_release|Xbox 360.Build.0 = Release_LTCG|Xbox 360
		{0BA4E99E-AEE7-4DBF-85F2-C947F1727077}.ltcg_release|Xbox 360.Deploy.0 = Release_LTCG|Xbox 360
		{0BA4E99E-AEE7-4DBF-85F2-C947F1727077}.Profile_FastCap|Win32.ActiveCfg = Profile_FastCap|Xbox 360
		{0BA4E99E-AEE7-4DBF-85F2-C947F1727077}.Profile_FastCap|Xbox 360.ActiveCfg = Profile_FastCap|Xbox 360
		{0BA4E99E-AEE7-4DBF-85F2-C947F1727077}.Profile_FastCap|Xbox 360.Build.0 = Profile_FastCap|Xbox 360
		{0BA4E99E-AEE7-4DBF-85F2-C947F1727077}.Profile_FastCap|Xbox 360.Deploy.0 = Profile_FastCap|Xbox 360
		{0BA4E99E-AEE7-4DBF-85F2-C947F1727077}.Profile|Win32.ActiveCfg = Profile|Xbox 360
		{0BA4E99E-AEE7-4DBF-85F2-C947F1727077}.Profile|Xbox 360.ActiveCfg = Profile|Xbox 360
		{0BA4E99E-AEE7-4DBF-85F2-C947F1727077}.Profile|Xbox 360.Build.0 = Profile|Xbox 360
		{0BA4E99E-AEE7-4DBF-85F2-C947F1727077}.Profile|Xbox 360.Deploy.0 = Profile|Xbox 360
		{0BA4E99E-AEE7-4DBF-85F2-C947F1727077}.Release_LTCG|Win32.ActiveCfg = Release_LTCG|Xbox 360
		{0BA4E99E-AEE7-4DBF-85F2-C947F1727077}.Release_LTCG|Xbox 360.ActiveCfg = Release_LTCG|Xbox 360
		{0BA4E99E-AEE7-4DBF-85F2-C947F1727077}.Release_LTCG|Xbox 360.Build.0 = Release_LTCG|Xbox 360
		{0BA4E99E-AEE7-4DBF-85F2-C947F1727077}.Release_LTCG|Xbox 360.Deploy.0 = Release_LTCG|Xbox 360
		{0BA4E99E-AEE7-4DBF-85F2-C947F1727077}.Release|Win32.ActiveCfg = Release|Xbox 360
		{0BA4E99E-AEE7-4DBF-85F2-C947F1727077}.Release|Xbox 360.ActiveCfg = Release|Xbox 360
		{0BA4E99E-AEE7-4DBF-85F2-C947F1727077}.Release|Xbox 360.Build.0 = Release|Xbox 360
		{0BA4E99E-AEE7-4DBF-85F2-C947F1727077}.Release|Xbox 360.Deploy.0 = Release|Xbox 360
		{0BA4E99E-AEE7-4DBF-85F2-C947F1727077}.Xbox 360 Release Test|Win32.ActiveCfg = Release|Xbox 360
		{0BA4E99E-AEE7-4DBF-85F2-C947F1727077}.Xbox 360 Release Test|Xbox 360.ActiveCfg = Release|Xbox 360
		{0BA4E99E-AEE7-4DBF-85F2-C947F1727077}.Xbox 360 Release Test|Xbox 360.Build.0 = Release|Xbox 360
		{0BA4E99E-AEE7-4DBF-85F2-C947F1727077}.Xbox 360 Release Test|Xbox 360.Deploy.0 = Release|Xbox 360
		{6A9F149D-15DE-4C41-8144-ADFA4761D2C9}.CodeAnalysis|Win32.ActiveCfg = Release|Xbox 360
		{6A9F149D-15DE-4C41-8144-ADFA4761D2C9}.CodeAnalysis|Xbox 360.ActiveCfg = Release|Xbox 360
		{6A9F149D-15DE-4C41-8144-ADFA4761D2C9}.CodeAnalysis|Xbox 360.Build.0 = Release|Xbox 360
		{6A9F149D-15DE-4C41-8144-ADFA4761D2C9}.CodeAnalysis|Xbox 360.Deploy.0 = Release|Xbox 360
		{6A9F149D-15DE-4C41-8144-ADFA4761D2C9}.Debug_old|Win32.ActiveCfg = Debug|Xbox 360
		{6A9F149D-15DE-4C41-8144-ADFA4761D2C9}.Debug_old|Xbox 360.ActiveCfg = Debug|Xbox 360
		{6A9F149D-15DE-4C41-8144-ADFA4761D2C9}.Debug_old|Xbox 360.Build.0 = Debug|Xbox 360
		{6A9F149D-15DE-4C41-8144-ADFA4761D2C9}.Debug_old|Xbox 360.Deploy.0 = Debug|Xbox 360
		{6A9F149D-15DE-4C41-8144-ADFA4761D2C9}.Debug|Win32.ActiveCfg = Debug|Win32
		{6A9F149D-15DE-4C41-8144-ADFA4761D2C9}.Debug|Win32.Build.0 = Debug|Win32
		{6A9F149D-15DE-4C41-8144-ADFA4761D2C9}.Debug|Xbox 360.ActiveCfg = Debug|Xbox 360
		{6A9F149D-15DE-4C41-8144-ADFA4761D2C9}.Debug|Xbox 360.Build.0 = Debug|Xbox 360
		{6A9F149D-15DE-4C41-8144-ADFA4761D2C9}.Debug|Xbox 360.Deploy.0 = Debug|Xbox 360
		{6A9F149D-15DE-4C41-8144-ADFA4761D2C9}.ltcg_release|Win32.ActiveCfg = Release|Xbox 360
		{6A9F149D-15DE-4C41-8144-ADFA4761D2C9}.ltcg_release|Xbox 360.ActiveCfg = Release|Xbox 360
		{6A9F149D-15DE-4C41-8144-ADFA4761D2C9}.ltcg_release|Xbox 360.Build.0 = Release|Xbox 360
		{6A9F149D-15DE-4C41-8144-ADFA4761D2C9}.ltcg_release|Xbox 360.Deploy.0 = Release|Xbox 360
		{6A9F149D-15DE-4C41-8144-ADFA4761D2C9}.Profile_FastCap|Win32.ActiveCfg = Release|Xbox 360
		{6A9F149D-15DE-4C41-8144-ADFA4761D2C9}.Profile_FastCap|Xbox 360.ActiveCfg = Release|Xbox 360
		{6A9F149D-15DE-4C41-8144-ADFA4761D2C9}.Profile_FastCap|Xbox 360.Build.0 = Release|Xbox 360
		{6A9F149D-15DE-4C41-8144-ADFA4761D2C9}.Profile_FastCap|Xbox 360.Deploy.0 = Release|Xbox 360
		{6A9F149D-15DE-4C41-8144-ADFA4761D2C9}.Profile|Win32.ActiveCfg = Release|Xbox 360
		{6A9F149D-15DE-4C41-8144-ADFA4761D2C9}.Profile|Xbox 360.ActiveCfg = Release|Xbox 360
		{6A9F149D-15DE-4C41-8144-ADFA4761D2C9}.Profile|Xbox 360.Build.0 = Release|Xbox 360
		{6A9F149D-15DE-4C41-8144-ADFA4761D2C9}.Profile|Xbox 360.Deploy.0 = Release|Xbox 360
		{6A9F149D-15DE-4C41-8144-ADFA4761D2C9}.Release_LTCG|Win32.ActiveCfg = Release_LTCG|Win32
		{6A9F149D-15DE-4C41-8144-ADFA4761D2C9}.Release_LTCG|Win32.Build.0 = Release_LTCG|Win32
		{6A9F149D-15DE-4C41-8144-ADFA4761D2C9}.Release_LTCG|Xbox 360.ActiveCfg = Release_LTCG|Xbox 360
		{6A9F149D-15DE-4C41-8144-ADFA4761D2C9}.Release_LTCG|Xbox 360.Build.0 = Release_LTCG|Xbox 360
		{6A9F149D-15DE-4C41-8144-ADFA4761D2C9}.Release_LTCG|Xbox 360.Deploy.0 = Release_LTCG|Xbox 360
		{6A9F149D-15DE-4C41-8144-ADFA4761D2C9}.Release|Win32.ActiveCfg = Release|Win32
		{6A9F149D-15DE-4C41-8144-ADFA4761D2C9}.Release|Win32.Build.0 = Release|Win32
		{6A9F149D-15DE-4C41-8144-ADFA4761D2C9}.Release|Xbox 360.ActiveCfg = Release|Xbox 360
		{6A9F149D-15DE-4C41-8144-ADFA4761D2C9}.Release|Xbox 360.Build.0 = Release|Xbox 360
		{6A9F149D-15DE-4C41-8144-ADFA4761D2C9}.Release|Xbox 360.Deploy.0 = Release|Xbox 360
		{6A9F149D-15DE-4C41-8144-ADFA4761D2C9}.Xbox 360 Release Test|Win32.ActiveCfg = Release|Xbox 360
		{6A9F149D-15DE-4C41-8144-ADFA4761D2C9}.Xbox 360 Release Test|Xbox 360.ActiveCfg = Release|Xbox 360
		{6A9F149D-15DE-4C41-8144-ADFA4761D2C9}.Xbox 360 Release Test|Xbox 360.Build.0 = Release|Xbox 360
		{6A9F149D-15DE-4C41-8144-ADFA4761D2C9}.Xbox 360 Release Test|Xbox 360.Deploy.0 = Release|Xbox 360
		{106906B2-9DF3-41EA-A83E-38D0E3E6E6A6}.CodeAnalysis|Win32.ActiveCfg = CodeAnalysis|Xbox 360
		{106906B2-9DF3-41EA-A83E-38D0E3E6E6A6}.CodeAnalysis|Xbox 360.ActiveCfg = CodeAnalysis|Xbox 360
		{106906B2-9DF3-41EA-A83E-38D0E3E6E6A6}.CodeAnalysis|Xbox 360.Build.0 = CodeAnalysis|Xbox 360
		{106906B2-9DF3-41EA-A83E-38D0E3E6E6A6}.CodeAnalysis|Xbox 360.Deploy.0 = CodeAnalysis|Xbox 360
		{106906B2-9DF3-41EA-A83E-38D0E3E6E6A6}.Debug_old|Win32.ActiveCfg = Debug|Xbox 360
		{106906B2-9DF3-41EA-A83E-38D0E3E6E6A6}.Debug_old|Xbox 360.ActiveCfg = Debug|Xbox 360
		{106906B2-9DF3-41EA-A83E-38D0E3E6E6A6}.Debug_old|Xbox 360.Build.0 = Debug|Xbox 360
		{106906B2-9DF3-41EA-A83E-38D0E3E6E6A6}.Debug_old|Xbox 360.Deploy.0 = Debug|Xbox 360
		{106906B2-9DF3-41EA-A83E-38D0E3E6E6A6}.Debug|Win32.ActiveCfg = Debug|Xbox 360
		{106906B2-9DF3-41EA-A83E-38D0E3E6E6A6}.Debug|Xbox 360.ActiveCfg = Debug|Xbox 360
		{106906B2-9DF3-41EA-A83E-38D0E3E6E6A6}.Debug|Xbox 360.Build.0 = Debug|Xbox 360
		{106906B2-9DF3-41EA-A83E-38D0E3E6E6A6}.Debug|Xbox 360.Deploy.0 = Debug|Xbox 360
		{106906B2-9DF3-41EA-A83E-38D0E3E6E6A6}.ltcg_release|Win32.ActiveCfg = Release_LTCG|Xbox 360
		{106906B2-9DF3-41EA-A83E-38D0E3E6E6A6}.ltcg_release|Xbox 360.ActiveCfg = Release_LTCG|Xbox 360
		{106906B2-9DF3-41EA-A83E-38D0E3E6E6A6}.ltcg_release|Xbox 360.Build.0 = Release_LTCG|Xbox 360
		{106906B2-9DF3-41EA-A83E-38D0E3E6E6A6}.ltcg_release|Xbox 360.Deploy.0 = Release_LTCG|Xbox 360
		{106906B2-9DF3-41EA-A83E-38D0E3E6E6A6}.Profile_FastCap|Win32.ActiveCfg = Profile_FastCap|Xbox 360
		{106906B2-9DF3-41EA-A83E-38D0E3E6E6A6}.Profile_FastCap|Xbox 360.ActiveCfg = Profile_FastCap|Xbox 360
		{106906B2-9DF3-41EA-A83E-38D0E3E6E6A6}.Profile_FastCap|Xbox 360.Build.0 = Profile_FastCap|Xbox 360
		{106906B2-9DF3-41EA-A83E-38D0E3E6E6A6}.Profile_FastCap|Xbox 360.Deploy.0 = Profile_FastCap|Xbox 360
		{106906B2-9DF3-41EA-A83E-38D0E3E6E6A6}.Profile|Win32.ActiveCfg = Profile|Xbox 360
		{106906B2-9DF3-41EA-A83E-38D0E3E6E6A6}.Profile|Xbox 360.ActiveCfg = Profile|Xbox 360
		{106906B2-9DF3-41EA-A83E-38D0E3E6E6A6}.Profile|Xbox 360.Build.0 = Profile|Xbox 360
		{106906B2-9DF3-41EA-A83E-38D0E3E6E6A6}.Profile|Xbox 360.Deploy.0 = Profile|Xbox 360
		{106906B2-9DF3-41EA-A83E-38D0E3E6E6A6}.Release_LTCG|Win32.ActiveCfg = Release_LTCG|Xbox 360
		{106906B2-9DF3-41EA-A83E-38D0E3E6E6A6}.Release_LTCG|Xbox 360.ActiveCfg = Release_LTCG|Xbox 360
		{106906B2-9DF3-41EA-A83E-38D0E3E6E6A6}.Release_LTCG|Xbox 360.Build.0 = Release_LTCG|Xbox 360
		{106906B2-9DF3-41EA-A83E-38D0E3E6E6A6}.Release_LTCG|Xbox 360.Deploy.0 = Release_LTCG|Xbox 360
		{106906B2-9DF3-41EA-A83E-38D0E3E6E6A6}.Release|Win32.ActiveCfg = Release|Xbox 360
		{106906B2-9DF3-41EA-A83E-38D0E3E6E6A6}.Release|Xbox 360.ActiveCfg = Release|Xbox 360
		{106906B2-9DF3-41EA-A83E-38D0E3E6E6A6}.Release|Xbox 360.Build.0 = Release|Xbox 360
		{106906B2-9DF3-41EA-A83E-38D0E3E6E6A6}.Release|Xbox 360.Deploy.0 = Release|Xbox 360
		{106906B2-9DF3-41EA-A83E-38D0E3E6E6A6}.Xbox 360 Release Test|Win32.ActiveCfg = Release|Xbox 360
		{106906B2-9DF3-41EA-A83E-38D0E3E6E6A6}.Xbox 360 Release Test|Xbox 360.ActiveCfg = Release|Xbox 360
		{106906B2-9DF3-41EA-A83E-38D0E3E6E6A6}.Xbox 360 Release Test|Xbox 360.Build.0 = Release|Xbox 360
		{106906B2-9DF3-41EA-A83E-38D0E3E6E6A6}.Xbox 360 Release Test|Xbox 360.Deploy.0 = Release|Xbox 360
		{1C5E0EA2-0B76-4801-A4B1-CA1DFBA3469B}.CodeAnalysis|Win32.ActiveCfg = CodeAnalysis|Xbox 360
		{1C5E0EA2-0B76-4801-A4B1-CA1DFBA3469B}.CodeAnalysis|Xbox 360.ActiveCfg = CodeAnalysis|Xbox 360
		{1C5E0EA2-0B76-4801-A4B1-CA1DFBA3469B}.CodeAnalysis|Xbox 360.Build.0 = CodeAnalysis|Xbox 360
		{1C5E0EA2-0B76-4801-A4B1-CA1DFBA3469B}.CodeAnalysis|Xbox 360.Deploy.0 = CodeAnalysis|Xbox 360
		{1C5E0EA2-0B76-4801-A4B1-CA1DFBA3469B}.Debug_old|Win32.ActiveCfg = Debug|Xbox 360
		{1C5E0EA2-0B76-4801-A4B1-CA1DFBA3469B}.Debug_old|Xbox 360.ActiveCfg = Debug|Xbox 360
		{1C5E0EA2-0B76-4801-A4B1-CA1DFBA3469B}.Debug_old|Xbox 360.Build.0 = Debug|Xbox 360
		{1C5E0EA2-0B76-4801-A4B1-CA1DFBA3469B}.Debug_old|Xbox 360.Deploy.0 = Debug|Xbox 360
		{1C5E0EA2-0B76-4801-A4B1-CA1DFBA3469B}.Debug|Win32.ActiveCfg = Debug|Xbox 360
		{1C5E0EA2-0B76-4801-A4B1-CA1DFBA3469B}.Debug|Xbox 360.ActiveCfg = Debug|Xbox 360
		{1C5E0EA2-0B76-4801-A4B1-CA1DFBA3469B}.Debug|Xbox 360.Build.0 = Debug|Xbox 360
		{1C5E0EA2-0B76-4801-A4B1-CA1DFBA3469B}.Debug|Xbox 360.Deploy.0 = Debug|Xbox 360
		{1C5E0EA2-0B76-4801-A4B1-CA1DFBA3469B}.ltcg_release|Win32.ActiveCfg = Release_LTCG|Xbox 360
		{1C5E0EA2-0B76-4801-A4B1-CA1DFBA3469B}.ltcg_release|Xbox 360.ActiveCfg = Release_LTCG|Xbox 360
		{1C5E0EA2-0B76-4801-A4B1-CA1DFBA3469B}.ltcg_release|Xbox 360.Build.0 = Release_LTCG|Xbox 360
		{1C5E0EA2-0B76-4801-A4B1-CA1DFBA3469B}.ltcg_release|Xbox 360.Deploy.0 = Release_LTCG|Xbox 360
		{1C5E0EA2-0B76-4801-A4B1-CA1DFBA3469B}.Profile_FastCap|Win32.ActiveCfg = Profile_FastCap|Xbox 360
		{1C5E0EA2-0B76-4801-A4B1-CA1DFBA3469B}.Profile_FastCap|Xbox 360.ActiveCfg = Profile_FastCap|Xbox 360
		{1C5E0EA2-0B76-4801-A4B1-CA1DFBA3469B}.Profile_FastCap|Xbox 360.Build.0 = Profile_FastCap|Xbox 360
		{1C5E0EA2-0B76-4801-A4B1-CA1DFBA3469B}.Profile_FastCap|Xbox 360.Deploy.0 = Profile_FastCap|Xbox 360
		{1C5E0EA2-0B76-4801-A4B1-CA1DFBA3469B}.Profile|Win32.ActiveCfg = Profile|Xbox 360
		{1C5E0EA2-0B76-4801-A4B1-CA1DFBA3469B}.Profile|Xbox 360.ActiveCfg = Profile|Xbox 360
		{1C5E0EA2-0B76-4801-A4B1-CA1DFBA3469B}.Profile|Xbox 360.Build.0 = Profile|Xbox 360
		{1C5E0EA2-0B76-4801-A4B1-CA1DFBA3469B}.Profile|Xbox 360.Deploy.0 = Profile|Xbox 360
		{1C5E0EA2-0B76-4801-A4B1-CA1DFBA3469B}.Release_LTCG|Win32.ActiveCfg = Release_LTCG|Xbox 360
		{1C5E0EA2-0B76-4801-A4B1-CA1DFBA3469B}.Release_LTCG|Xbox 360.ActiveCfg = Release_LTCG|Xbox 360
		{1C5E0EA2-0B76-4801-A4B1-CA1DFBA3469B}.Release_LTCG|Xbox 360.Build.0 = Release_LTCG|Xbox 360
		{1C5E0EA2-0B76-4801-A4B1-CA1DFBA3469B}.Release_LTCG|Xbox 360.Deploy.0 = Release_LTCG|Xbox 360
		{1C5E0EA2-0B76-4801-A4B1-CA1DFBA3469B}.Release|Win32.ActiveCfg = Release|Xbox 360
		{1C5E0EA2-0B76-4801-A4B1-CA1DFBA3469B}.Release|Xbox 360.ActiveCfg = Release|Xbox 360
		{1C5E0EA2-0B76-4801-A4B1-CA1DFBA3469B}.Release|Xbox 360.Build.0 = Release|Xbox 360
		{1C5E0EA2-0B76-4801-A4B1-CA1DFBA3469B}.Release|Xbox 360.Deploy.0 = Release|Xbox 360
		{1C5E0EA2-0B76-4801-A4B1-CA1DFBA3469B}.Xbox 360 Release Test|Win32.ActiveCfg = Release|Xbox 360
		{1C5E0EA2-0B76-4801-A4B1-CA1DFBA3469B}.Xbox 360 Release Test|Xbox 360.ActiveCfg = Release|Xbox 360
		{1C5E0EA2-0B76-4801-A4B1-CA1DFBA3469B}.Xbox 360 Release Test|Xbox 360.Build.0 = Release|Xbox 360
		{1C5E0EA2-0B76-4801-A4B1-CA1DFBA3469B}.Xbox 360 Release Test|Xbox 360.Deploy.0 = Release|Xbox 360
		{2BD5534E-00E2-4BEA-AC96-D9A92EA24696}.CodeAnalysis|Win32.ActiveCfg = Release|Xbox 360
		{2BD5534E-00E2-4BEA-AC96-D9A92EA24696}.CodeAnalysis|Xbox 360.ActiveCfg = Release|Xbox 360
		{2BD5534E-00E2-4BEA-AC96-D9A92EA24696}.CodeAnalysis|Xbox 360.Build.0 = Release|Xbox 360
		{2BD5534E-00E2-4BEA-AC96-D9A92EA24696}.CodeAnalysis|Xbox 360.Deploy.0 = Release|Xbox 360
		{2BD5534E-00E2-4BEA-AC96-D9A92EA24696}.Debug_old|Win32.ActiveCfg = Debug_old|Win32
		{2BD5534E-00E2-4BEA-AC96-D9A92EA24696}.Debug_old|Win32.Build.0 = Debug_old|Win32
		{2BD5534E-00E2-4BEA-AC96-D9A92EA24696}.Debug_old|Xbox 360.ActiveCfg = Debug_old|Xbox 360
		{2BD5534E-00E2-4BEA-AC96-D9A92EA24696}.Debug_old|Xbox 360.Build.0 = Debug_old|Xbox 360
		{2BD5534E-00E2-4BEA-AC96-D9A92EA24696}.Debug_old|Xbox 360.Deploy.0 = Debug_old|Xbox 360
		{2BD5534E-00E2-4BEA-AC96-D9A92EA24696}.Debug|Win32.ActiveCfg = Debug|Win32
		{2BD5534E-00E2-4BEA-AC96-D9A92EA24696}.Debug|Win32.Build.0 = Debug|Win32
		{2BD5534E-00E2-4BEA-AC96-D9A92EA24696}.Debug|Xbox 360.ActiveCfg = Debug|Xbox 360
		{2BD5534E-00E2-4BEA-AC96-D9A92EA24696}.Debug|Xbox 360.Build.0 = Debug|Xbox 360
		{2BD5534E-00E2-4BEA-AC96-D9A92EA24696}.Debug|Xbox 360.Deploy.0 = Debug|Xbox 360
		{2BD5534E-00E2-4BEA-AC96-D9A92EA24696}.ltcg_release|Win32.ActiveCfg = ltcg_release|Win32
		{2BD5534E-00E2-4BEA-AC96-D9A92EA24696}.ltcg_release|Win32.Build.0 = ltcg_release|Win32
		{2BD5534E-00E2-4BEA-AC96-D9A92EA24696}.ltcg_release|Xbox 360.ActiveCfg = ltcg_release|Xbox 360
		{2BD5534E-00E2-4BEA-AC96-D9A92EA24696}.ltcg_release|Xbox 360.Build.0 = ltcg_release|Xbox 360
		{2BD5534E-00E2-4BEA-AC96-D9A92EA24696}.ltcg_release|Xbox 360.Deploy.0 = ltcg_release|Xbox 360
		{2BD5534E-00E2-4BEA-AC96-D9A92EA24696}.Profile_FastCap|Win32.ActiveCfg = Release|Xbox 360
		{2BD5534E-00E2-4BEA-AC96-D9A92EA24696}.Profile_FastCap|Xbox 360.ActiveCfg = Release|Xbox 360
		{2BD5534E-00E2-4BEA-AC96-D9A92EA24696}.Profile_FastCap|Xbox 360.Build.0 = Release|Xbox 360
		{2BD5534E-00E2-4BEA-AC96-D9A92EA24696}.Profile_FastCap|Xbox 360.Deploy.0 = Release|Xbox 360
		{2BD5534E-00E2-4BEA-AC96-D9A92EA24696}.Profile|Win32.ActiveCfg = Release|Xbox 360
		{2BD5534E-00E2-4BEA-AC96-D9A92EA24696}.Profile|Xbox 360.ActiveCfg = Release|Xbox 360
		{2BD5534E-00E2-4BEA-AC96-D9A92EA24696}.Profile|Xbox 360.Build.0 = Release|Xbox 360
		{2BD5534E-00E2-4BEA-AC96-D9A92EA24696}.Profile|Xbox 360.Deploy.0 = Release|Xbox 360
		{2BD5534E-00E2-4BEA-AC96-D9A92EA24696}.Release_LTCG|Win32.ActiveCfg = Release_LTCG|Win32
		{2BD5534E-00E2-4BEA-AC96-D9A92EA24696}.Release_LTCG|Win32.Build.0 = Release_LTCG|Win32
		{2BD5534E-00E2-4BEA-AC96-D9A92EA24696}.Release_LTCG|Xbox 360.ActiveCfg = Release_LTCG|Xbox 360
		{2BD5534E-00E2-4BEA-AC96-D9A92EA24696}.Release_LTCG|Xbox 360.Build.0 = Release_LTCG|Xbox 360
		{2BD5534E-00E2-4BEA-AC96-D9A92EA24696}.Release_LTCG|Xbox 360.Deploy.0 = Release_LTCG|Xbox 360
		{2BD5534E-00E2-4BEA-AC96-D9A92EA24696}.Release|Win32.ActiveCfg = Release|Win32
		{2BD5534E-00E2-4BEA-AC96-D9A92EA24696}.Release|Win32.Build.0 = Release|Win32
		{2BD5534E-00E2-4BEA-AC96-D9A92EA24696}.Release|Xbox 360.ActiveCfg = Release|Xbox 360
		{2BD5534E-00E2-4BEA-AC96-D9A92EA24696}.Release|Xbox 360.Build.0 = Release|Xbox 360
		{2BD5534E-00E2-4BEA-AC96-D9A92EA24696}.Release|Xbox 360.Deploy.0 = Release|Xbox 360
		{2BD5534E-00E2-4BEA-AC96-D9A92EA24696}.Xbox 360 Release Test|Win32.ActiveCfg = Release|Xbox 360
		{2BD5534E-00E2-4BEA-AC96-D9A92EA24696}.Xbox 360 Release Test|Xbox 360.ActiveCfg = Release|Xbox 360
		{2BD5534E-00E2-4BEA-AC96-D9A92EA24696}.Xbox 360 Release Test|Xbox 360.Build.0 = Release|Xbox 360
		{2BD5534E-00E2-4BEA-AC96-D9A92EA24696}.Xbox 360 Release Test|Xbox 360.Deploy.0 = Release|Xbox 360
		{989535A1-03B0-4B46-B44C-A28F98261147}.CodeAnalysis|Win32.ActiveCfg = CodeAnalysis|Xbox 360
		{989535A1-03B0-4B46-B44C-A28F98261147}.CodeAnalysis|Xbox 360.ActiveCfg = CodeAnalysis|Xbox 360
		{989535A1-03B0-4B46-B44C-A28F98261147}.CodeAnalysis|Xbox 360.Build.0 = CodeAnalysis|Xbox 360
		{989535A1-03B0-4B46-B44C-A28F98261147}.CodeAnalysis|Xbox 360.Deploy.0 = CodeAnalysis|Xbox 360
		{989535A1-03B0-4B46-B44C-A28F98261147}.Debug_old|Win32.ActiveCfg = Debug|Xbox 360
		{989535A1-03B0-4B46-B44C-A28F98261147}.Debug_old|Xbox 360.ActiveCfg = Debug|Xbox 360
		{989535A1-03B0-4B46-B44C-A28F98261147}.Debug_old|Xbox 360.Build.0 = Debug|Xbox 360
		{989535A1-03B0-4B46-B44C-A28F98261147}.Debug_old|Xbox 360.Deploy.0 = Debug|Xbox 360
		{989535A1-03B0-4B46-B44C-A28F98261147}.Debug|Win32.ActiveCfg = Debug|Xbox 360
		{989535A1-03B0-4B46-B44C-A28F98261147}.Debug|Xbox 360.ActiveCfg = Debug|Xbox 360
		{989535A1-03B0-4B46-B44C-A28F98261147}.Debug|Xbox 360.Build.0 = Debug|Xbox 360
		{989535A1-03B0-4B46-B44C-A28F98261147}.Debug|Xbox 360.Deploy.0 = Debug|Xbox 360
		{989535A1-03B0-4B46-B44C-A28F98261147}.ltcg_release|Win32.ActiveCfg = Release_LTCG|Xbox 360
		{989535A1-03B0-4B46-B44C-A28F98261147}.ltcg_release|Xbox 360.ActiveCfg = Release_LTCG|Xbox 360
		{989535A1-03B0-4B46-B44C-A28F98261147}.ltcg_release|Xbox 360.Build.0 = Release_LTCG|Xbox 360
		{989535A1-03B0-4B46-B44C-A28F98261147}.ltcg_release|Xbox 360.Deploy.0 = Release_LTCG|Xbox 360
		{989535A1-03B0-4B46-B44C-A28F98261147}.Profile_FastCap|Win32.ActiveCfg = Profile_FastCap|Xbox 360
		{989535A1-03B0-4B46-B44C-A28F98261147}.Profile_FastCap|Xbox 360.ActiveCfg = Profile_FastCap|Xbox 360
		{989535A1-03B0-4B46-B44C-A28F98261147}.Profile_FastCap|Xbox 360.Build.0 = Profile_FastCap|Xbox 360
		{989535A1-03B0-4B46-B44C-A28F98261147}.Profile_FastCap|Xbox 360.Deploy.0 = Profile_FastCap|Xbox 360
		{989535A1-03B0-4B46-B44C-A28F98261147}.Profile|Win32.ActiveCfg = Profile|Xbox 360
		{989535A1-03B0-4B46-B44C-A28F98261147}.Profile|Xbox 360.ActiveCfg = Profile|Xbox 360
		{989535A1-03B0-4B46-B44C-A28F98261147}.Profile|Xbox 360.Build.0 = Profile|Xbox 360
		{989535A1-03B0-4B46-B44C-A28F98261147}.Profile|Xbox 360.Deploy.0 = Profile|Xbox 360
		{989535A1-03B0-4B46-B44C-A28F98261147}.Release_LTCG|Win32.ActiveCfg = Release_LTCG|Xbox 360
		{989535A1-03B0-4B46-B44C-A28F98261147}.Release_LTCG|Xbox 360.ActiveCfg = Release_LTCG|Xbox 360
		{989535A1-03B0-4B46-B44C-A28F98261147}.Release_LTCG|Xbox 360.Build.0 = Release_LTCG|Xbox 360
		{989535A1-03B0-4B46-B44C-A28F98261147}.Release_LTCG|Xbox 360.Deploy.0 = Release_LTCG|Xbox 360
		{989535A1-03B0-4B46-B44C-A28F98261147}.Release|Win32.ActiveCfg = Release|Xbox 360
		{989535A1-03B0-4B46-B44C-A28F98261147}.Release|Xbox 360.ActiveCfg = Release|Xbox 360
		{989535A1-03B0-4B46-B44C-A28F98261147}.Release|Xbox 360.Build.0 = Release|Xbox 360
		{989535A1-03B0-4B46-B44C-A28F98261147}.Release|Xbox 360.Deploy.0 = Release|Xbox 360
		{989535A1-03B0-4B46-B44C-A28F98261147}.Xbox 360 Release Test|Win32.ActiveCfg = Release|Xbox 360
		{989535A1-03B0-4B46-B44C-A28F98261147}.Xbox 360 Release Test|Xbox 360.ActiveCfg = Release|Xbox 360
		{989535A1-03B0-4B46-B44C-A28F98261147}.Xbox 360 Release Test|Xbox 360.Build.0 = Release|Xbox 360
		{989535A1-03B0-4B46-B44C-A28F98261147}.Xbox 360 Release Test|Xbox 360.Deploy.0 = Release|Xbox 360
	EndGlobalSection
	GlobalSection(SolutionProperties) = preSolution
		HideSolutionNode = FALSE
	EndGlobalSection
EndGlobal
