<?xml version="1.0" encoding="utf-8"?>
<Project ToolsVersion="4.0" xmlns="http://schemas.microsoft.com/developer/msbuild/2003">
  <ItemGroup>
    <Filter Include="Source Files">
      <UniqueIdentifier>{4FC737F1-C7A5-4376-A066-2A32D752A2FF}</UniqueIdentifier>
      <Extensions>cpp;c;cxx;def;odl;idl;hpj;bat;asm;asmx</Extensions>
    </Filter>
    <Filter Include="Source Files\freetype">
      <UniqueIdentifier>{254687e7-f6b0-44aa-be5d-17224508f02e}</UniqueIdentifier>
    </Filter>
    <Filter Include="Header Files">
      <UniqueIdentifier>{93995380-89BD-4b04-88EB-625FBE52EBFB}</UniqueIdentifier>
      <Extensions>h;hpp;hxx;hm;inl;inc;xsd</Extensions>
    </Filter>
  </ItemGroup>
  <ItemGroup>
    <ClCompile Include="SDL_ttf.c">
      <Filter>Source Files</Filter>
    </ClCompile>
    <ClCompile Include="src\autohint\autohint.c">
      <Filter>Source Files\freetype</Filter>
    </ClCompile>
    <ClCompile Include="src\bdf\bdf.c">
      <Filter>Source Files\freetype</Filter>
    </ClCompile>
    <ClCompile Include="src\cff\cff.c">
      <Filter>Source Files\freetype</Filter>
    </ClCompile>
    <ClCompile Include="src\base\ftbase.c">
      <Filter>Source Files\freetype</Filter>
    </ClCompile>
    <ClCompile Include="src\cache\ftcache.c">
      <Filter>Source Files\freetype</Filter>
    </ClCompile>
    <ClCompile Include="src\base\ftglyph.c">
      <Filter>Source Files\freetype</Filter>
    </ClCompile>
    <ClCompile Include="src\gzip\ftgzip.c">
      <Filter>Source Files\freetype</Filter>
    </ClCompile>
    <ClCompile Include="src\base\ftinit.c">
      <Filter>Source Files\freetype</Filter>
    </ClCompile>
    <ClCompile Include="src\base\ftmm.c">
      <Filter>Source Files\freetype</Filter>
    </ClCompile>
    <ClCompile Include="src\base\ftsystem.c">
      <Filter>Source Files\freetype</Filter>
    </ClCompile>
    <ClCompile Include="src\pcf\pcf.c">
      <Filter>Source Files\freetype</Filter>
    </ClCompile>
    <ClCompile Include="src\pfr\pfr.c">
      <Filter>Source Files\freetype</Filter>
    </ClCompile>
    <ClCompile Include="src\psaux\psaux.c">
      <Filter>Source Files\freetype</Filter>
    </ClCompile>
    <ClCompile Include="src\pshinter\pshinter.c">
      <Filter>Source Files\freetype</Filter>
    </ClCompile>
    <ClCompile Include="src\psnames\psmodule.c">
      <Filter>Source Files\freetype</Filter>
    </ClCompile>
    <ClCompile Include="src\raster\raster.c">
      <Filter>Source Files\freetype</Filter>
    </ClCompile>
    <ClCompile Include="src\sfnt\sfnt.c">
      <Filter>Source Files\freetype</Filter>
    </ClCompile>
    <ClCompile Include="src\smooth\smooth.c">
      <Filter>Source Files\freetype</Filter>
    </ClCompile>
    <ClCompile Include="src\truetype\truetype.c">
      <Filter>Source Files\freetype</Filter>
    </ClCompile>
    <ClCompile Include="src\type1\type1.c">
      <Filter>Source Files\freetype</Filter>
    </ClCompile>
    <ClCompile Include="src\cid\type1cid.c">
      <Filter>Source Files\freetype</Filter>
    </ClCompile>
    <ClCompile Include="src\type42\type42.c">
      <Filter>Source Files\freetype</Filter>
    </ClCompile>
    <ClCompile Include="src\winfonts\winfnt.c">
      <Filter>Source Files\freetype</Filter>
    </ClCompile>
  </ItemGroup>
</Project>