
Microsoft Visual Studio Solution File, Format Version 9.00
# Visual Studio 2005
Project("{8BC9CEB8-8B4A-11D0-8D11-00A0C91BC942}") = "SDL_image", "SDL_image.vcproj", "{2BD5534E-00E2-4BEA-AC96-D9A92EA24696}"
EndProject
Project("{8BC9CEB8-8B4A-11D0-8D11-00A0C91BC942}") = "showimage", "showimage\showimage.vcproj", "{FEE80C5D-762E-4E57-9BCB-928749E8203F}"
EndProject
Global
	GlobalSection(SolutionConfigurationPlatforms) = preSolution
		Debug|Win32 = Debug|Win32
		Debug|Xbox 360 = Debug|Xbox 360
		ltcg_release|Win32 = ltcg_release|Win32
		ltcg_release|Xbox 360 = ltcg_release|Xbox 360
		Release|Win32 = Release|Win32
		Release|Xbox 360 = Release|Xbox 360
	EndGlobalSection
	GlobalSection(ProjectConfigurationPlatforms) = postSolution
		{2BD5534E-00E2-4BEA-AC96-D9A92EA24696}.Debug|Win32.ActiveCfg = Debug|Win32
		{2BD5534E-00E2-4BEA-AC96-D9A92EA24696}.Debug|Win32.Build.0 = Debug|Win32
		{2BD5534E-00E2-4BEA-AC96-D9A92EA24696}.Debug|Xbox 360.ActiveCfg = Debug|Xbox 360
		{2BD5534E-00E2-4BEA-AC96-D9A92EA24696}.Debug|Xbox 360.Build.0 = Debug|Xbox 360
		{2BD5534E-00E2-4BEA-AC96-D9A92EA24696}.ltcg_release|Win32.ActiveCfg = ltcg_release|Win32
		{2BD5534E-00E2-4BEA-AC96-D9A92EA24696}.ltcg_release|Win32.Build.0 = ltcg_release|Win32
		{2BD5534E-00E2-4BEA-AC96-D9A92EA24696}.ltcg_release|Xbox 360.ActiveCfg = ltcg_release|Xbox 360
		{2BD5534E-00E2-4BEA-AC96-D9A92EA24696}.ltcg_release|Xbox 360.Build.0 = ltcg_release|Xbox 360
		{2BD5534E-00E2-4BEA-AC96-D9A92EA24696}.Release|Win32.ActiveCfg = Release|Win32
		{2BD5534E-00E2-4BEA-AC96-D9A92EA24696}.Release|Win32.Build.0 = Release|Win32
		{2BD5534E-00E2-4BEA-AC96-D9A92EA24696}.Release|Xbox 360.ActiveCfg = Release|Xbox 360
		{2BD5534E-00E2-4BEA-AC96-D9A92EA24696}.Release|Xbox 360.Build.0 = Release|Xbox 360
		{FEE80C5D-762E-4E57-9BCB-928749E8203F}.Debug|Win32.ActiveCfg = Debug|Win32
		{FEE80C5D-762E-4E57-9BCB-928749E8203F}.Debug|Win32.Build.0 = Debug|Win32
		{FEE80C5D-762E-4E57-9BCB-928749E8203F}.Debug|Xbox 360.ActiveCfg = Debug|Xbox 360
		{FEE80C5D-762E-4E57-9BCB-928749E8203F}.Debug|Xbox 360.Build.0 = Debug|Xbox 360
		{FEE80C5D-762E-4E57-9BCB-928749E8203F}.ltcg_release|Win32.ActiveCfg = ltcg_release|Win32
		{FEE80C5D-762E-4E57-9BCB-928749E8203F}.ltcg_release|Win32.Build.0 = ltcg_release|Win32
		{FEE80C5D-762E-4E57-9BCB-928749E8203F}.ltcg_release|Xbox 360.ActiveCfg = ltcg_release|Xbox 360
		{FEE80C5D-762E-4E57-9BCB-928749E8203F}.ltcg_release|Xbox 360.Build.0 = ltcg_release|Xbox 360
		{FEE80C5D-762E-4E57-9BCB-928749E8203F}.Release|Win32.ActiveCfg = Release|Win32
		{FEE80C5D-762E-4E57-9BCB-928749E8203F}.Release|Win32.Build.0 = Release|Win32
		{FEE80C5D-762E-4E57-9BCB-928749E8203F}.Release|Xbox 360.ActiveCfg = Release|Xbox 360
		{FEE80C5D-762E-4E57-9BCB-928749E8203F}.Release|Xbox 360.Build.0 = Release|Xbox 360
	EndGlobalSection
	GlobalSection(SolutionProperties) = preSolution
		HideSolutionNode = FALSE
	EndGlobalSection
EndGlobal
