Microsoft Visual Studio Solution File, Format Version 10.00
# Visual Studio 2008
Project("{8BC9CEB8-8B4A-11D0-8D11-00A0C91BC942}") = "mikmod", "mikmod.vcproj", "{4C2C0A26-3834-4491-9634-CC920FEF9D03}"
EndProject
Global
	GlobalSection(SolutionConfigurationPlatforms) = preSolution
		Debug|Default = Debug|Default
		Profile_FastCap|Default = Profile_FastCap|Default
		Profile|Default = Profile|Default
		Release_LTCG|Default = Release_LTCG|Default
		Release|Default = Release|Default
	EndGlobalSection
	GlobalSection(ProjectConfigurationPlatforms) = postSolution
		{4C2C0A26-3834-4491-9634-CC920FEF9D03}.Debug|Default.ActiveCfg = Debug|Xbox
		{4C2C0A26-3834-4491-9634-CC920FEF9D03}.Debug|Default.Build.0 = Debug|Xbox
		{4C2C0A26-3834-4491-9634-CC920FEF9D03}.Profile_FastCap|Default.ActiveCfg = Profile_FastCap|Xbox
		{4C2C0A26-3834-4491-9634-CC920FEF9D03}.Profile_FastCap|Default.Build.0 = Profile_FastCap|Xbox
		{4C2C0A26-3834-4491-9634-CC920FEF9D03}.Profile|Default.ActiveCfg = Profile|Xbox
		{4C2C0A26-3834-4491-9634-CC920FEF9D03}.Profile|Default.Build.0 = Profile|Xbox
		{4C2C0A26-3834-4491-9634-CC920FEF9D03}.Release_LTCG|Default.ActiveCfg = Release_LTCG|Xbox
		{4C2C0A26-3834-4491-9634-CC920FEF9D03}.Release_LTCG|Default.Build.0 = Release_LTCG|Xbox
		{4C2C0A26-3834-4491-9634-CC920FEF9D03}.Release|Default.ActiveCfg = Release|Xbox
		{4C2C0A26-3834-4491-9634-CC920FEF9D03}.Release|Default.Build.0 = Release|Xbox
	EndGlobalSection
	GlobalSection(SolutionProperties) = preSolution
		HideSolutionNode = FALSE
	EndGlobalSection
EndGlobal
